
Microsoft Visual Studio Solution File, Format Version 12.00
# Visual Studio Version 16
VisualStudioVersion = 16.0.29306.81
MinimumVisualStudioVersion = 10.0.40219.1
Project("{8BC9CEB8-8B4A-11D0-8D11-00A0C91BC942}") = "№5", "№5\№5.vcxproj", "{83A41163-3C1F-4617-BB4B-CBB0F376829C}"
EndProject
Global
	GlobalSection(SolutionConfigurationPlatforms) = preSolution
		Debug|x64 = Debug|x64
		Debug|x86 = Debug|x86
		Release|x64 = Release|x64
		Release|x86 = Release|x86
	EndGlobalSection
	GlobalSection(ProjectConfigurationPlatforms) = postSolution
		{83A41163-3C1F-4617-BB4B-CBB0F376829C}.Debug|x64.ActiveCfg = Debug|x64
		{83A41163-3C1F-4617-BB4B-CBB0F376829C}.Debug|x64.Build.0 = Debug|x64
		{83A41163-3C1F-4617-BB4B-CBB0F376829C}.Debug|x86.ActiveCfg = Debug|Win32
		{83A41163-3C1F-4617-BB4B-CBB0F376829C}.Debug|x86.Build.0 = Debug|Win32
		{83A41163-3C1F-4617-BB4B-CBB0F376829C}.Release|x64.ActiveCfg = Release|x64
		{83A41163-3C1F-4617-BB4B-CBB0F376829C}.Release|x64.Build.0 = Release|x64
		{83A41163-3C1F-4617-BB4B-CBB0F376829C}.Release|x86.ActiveCfg = Release|Win32
		{83A41163-3C1F-4617-BB4B-CBB0F376829C}.Release|x86.Build.0 = Release|Win32
	EndGlobalSection
	GlobalSection(SolutionProperties) = preSolution
		HideSolutionNode = FALSE
	EndGlobalSection
	GlobalSection(ExtensibilityGlobals) = postSolution
		SolutionGuid = {78FA2070-3497-4DC6-8849-76A0D777AC25}
	EndGlobalSection
EndGlobal
